{
  "name": "bacon-love",
  "version": "1.0.0",
  "lockfileVersion": 3,
  "requires": true,
  "packages": {
    "": {
      "name": "bacon-love",
      "version": "1.0.0",
      "license": "ISC",
      "dependencies": {
        "baconjs": "^3.0.17"
      }
    },
    "node_modules/baconjs": {
      "version": "3.0.17",
      "resolved": "https://registry.npmjs.org/baconjs/-/baconjs-3.0.17.tgz",
      "integrity": "sha512-XwhawE4gmO+NhMKZYmUSidk8ZjDhx5pfp9k/s5HM25S+k/YKajsakFOxbmUU1L9zbh1SarPbCobBuHhCMPFbCA=="
    }
  }
}
